
Microsoft Visual Studio Solution File, Format Version 12.00
# Visual Studio 14
VisualStudioVersion = 14.0.25420.1
MinimumVisualStudioVersion = 10.0.40219.1
Project("{FAE04EC0-301F-11D3-BF4B-00C04F79EFBC}") = "CDAAU.Core", "CDAAU.Core\CDAAU.Core.csproj", "{7C8DE4B2-C23B-4D4D-9BB1-DF38725E5AFB}"
EndProject
Project("{FAE04EC0-301F-11D3-BF4B-00C04F79EFBC}") = "CDAAU.DischargeSummary", "CDAAU.DischargeSummary\CDAAU.DischargeSummary.csproj", "{358D5580-5726-4505-87D5-521101037371}"
EndProject
Project("{FAE04EC0-301F-11D3-BF4B-00C04F79EFBC}") = "CDAAU.Test", "CDAAU.Test\CDAAU.Test.csproj", "{A37D134B-A7C9-4FDD-9609-C4C64746C712}"
EndProject
Project("{FAE04EC0-301F-11D3-BF4B-00C04F79EFBC}") = "CDAAU.EventSummary", "CDAAU.EventSummary\CDAAU.EventSummary.csproj", "{64BF2D42-3544-4E3B-82C0-9BE56ADE07EE}"
EndProject
Project("{FAE04EC0-301F-11D3-BF4B-00C04F79EFBC}") = "CDA.GeneratedCode", "nehta_cda_v4.3.0\CDA.GeneratedCode\CDA.GeneratedCode.csproj", "{0208153F-D77C-4CD1-B28D-1AADC00E1553}"
EndProject
Global
	GlobalSection(SolutionConfigurationPlatforms) = preSolution
		Debug|Any CPU = Debug|Any CPU
		Release|Any CPU = Release|Any CPU
	EndGlobalSection
	GlobalSection(ProjectConfigurationPlatforms) = postSolution
		{7C8DE4B2-C23B-4D4D-9BB1-DF38725E5AFB}.Debug|Any CPU.ActiveCfg = Debug|Any CPU
		{7C8DE4B2-C23B-4D4D-9BB1-DF38725E5AFB}.Debug|Any CPU.Build.0 = Debug|Any CPU
		{7C8DE4B2-C23B-4D4D-9BB1-DF38725E5AFB}.Release|Any CPU.ActiveCfg = Release|Any CPU
		{7C8DE4B2-C23B-4D4D-9BB1-DF38725E5AFB}.Release|Any CPU.Build.0 = Release|Any CPU
		{358D5580-5726-4505-87D5-521101037371}.Debug|Any CPU.ActiveCfg = Debug|Any CPU
		{358D5580-5726-4505-87D5-521101037371}.Debug|Any CPU.Build.0 = Debug|Any CPU
		{358D5580-5726-4505-87D5-521101037371}.Release|Any CPU.ActiveCfg = Release|Any CPU
		{358D5580-5726-4505-87D5-521101037371}.Release|Any CPU.Build.0 = Release|Any CPU
		{A37D134B-A7C9-4FDD-9609-C4C64746C712}.Debug|Any CPU.ActiveCfg = Debug|Any CPU
		{A37D134B-A7C9-4FDD-9609-C4C64746C712}.Debug|Any CPU.Build.0 = Debug|Any CPU
		{A37D134B-A7C9-4FDD-9609-C4C64746C712}.Release|Any CPU.ActiveCfg = Release|Any CPU
		{A37D134B-A7C9-4FDD-9609-C4C64746C712}.Release|Any CPU.Build.0 = Release|Any CPU
		{64BF2D42-3544-4E3B-82C0-9BE56ADE07EE}.Debug|Any CPU.ActiveCfg = Debug|Any CPU
		{64BF2D42-3544-4E3B-82C0-9BE56ADE07EE}.Debug|Any CPU.Build.0 = Debug|Any CPU
		{64BF2D42-3544-4E3B-82C0-9BE56ADE07EE}.Release|Any CPU.ActiveCfg = Release|Any CPU
		{64BF2D42-3544-4E3B-82C0-9BE56ADE07EE}.Release|Any CPU.Build.0 = Release|Any CPU
		{0208153F-D77C-4CD1-B28D-1AADC00E1553}.Debug|Any CPU.ActiveCfg = Debug|Any CPU
		{0208153F-D77C-4CD1-B28D-1AADC00E1553}.Debug|Any CPU.Build.0 = Debug|Any CPU
		{0208153F-D77C-4CD1-B28D-1AADC00E1553}.Release|Any CPU.ActiveCfg = Release|Any CPU
		{0208153F-D77C-4CD1-B28D-1AADC00E1553}.Release|Any CPU.Build.0 = Release|Any CPU
	EndGlobalSection
	GlobalSection(SolutionProperties) = preSolution
		HideSolutionNode = FALSE
	EndGlobalSection
EndGlobal
